// !$*UTF8*$!
{
	archiveVersion = 1;
	classes = {
	};
	objectVersion = 50;
	objects = {

/* Begin PBXBuildFile section */
		C679ABCD267CECA3005735AD /* AppDelegate.swift in Sources */ = {isa = PBXBuildFile; fileRef = C679ABCC267CECA3005735AD /* AppDelegate.swift */; };
		C679ABCF267CECA3005735AD /* SceneDelegate.swift in Sources */ = {isa = PBXBuildFile; fileRef = C679ABCE267CECA3005735AD /* SceneDelegate.swift */; };
		C679ABD4267CECA3005735AD /* Main.storyboard in Resources */ = {isa = PBXBuildFile; fileRef = C679ABD2267CECA3005735AD /* Main.storyboard */; };
		C679ABD6267CECA5005735AD /* Assets.xcassets in Resources */ = {isa = PBXBuildFile; fileRef = C679ABD5267CECA5005735AD /* Assets.xcassets */; };
		C679ABD9267CECA5005735AD /* LaunchScreen.storyboard in Resources */ = {isa = PBXBuildFile; fileRef = C679ABD7267CECA5005735AD /* LaunchScreen.storyboard */; };
		C679ABE1267CECB1005735AD /* SeccondViewController.swift in Sources */ = {isa = PBXBuildFile; fileRef = C679ABE0267CECB1005735AD /* SeccondViewController.swift */; };
/* End PBXBuildFile section */

/* Begin PBXFileReference section */
		C679ABC9267CECA3005735AD /* view2.app */ = {isa = PBXFileReference; explicitFileType = wrapper.application; includeInIndex = 0; path = view2.app; sourceTree = BUILT_PRODUCTS_DIR; };
		C679ABCC267CECA3005735AD /* AppDelegate.swift */ = {isa = PBXFileReference; lastKnownFileType = sourcecode.swift; path = AppDelegate.swift; sourceTree = "<group>"; };
		C679ABCE267CECA3005735AD /* SceneDelegate.swift */ = {isa = PBXFileReference; lastKnownFileType = sourcecode.swift; path = SceneDelegate.swift; sourceTree = "<group>"; };
		C679ABD3267CECA3005735AD /* Base */ = {isa = PBXFileReference; lastKnownFileType = file.storyboard; name = Base; path = Base.lproj/Main.storyboard; sourceTree = "<group>"; };
		C679ABD5267CECA5005735AD /* Assets.xcassets */ = {isa = PBXFileReference; lastKnownFileType = folder.assetcatalog; path = Assets.xcassets; sourceTree = "<group>"; };
		C679ABD8267CECA5005735AD /* Base */ = {isa = PBXFileReference; lastKnownFileType = file.storyboard; name = Base; path = Base.lproj/LaunchScreen.storyboard; sourceTree = "<group>"; };
		C679ABDA267CECA5005735AD /* Info.plist */ = {isa = PBXFileReference; lastKnownFileType = text.plist.xml; path = Info.plist; sourceTree = "<group>"; };
		C679ABE0267CECB1005735AD /* SeccondViewController.swift */ = {isa = PBXFileReference; lastKnownFileType = sourcecode.swift; path = SeccondViewController.swift; sourceTree = "<group>"; };
/* End PBXFileReference section */

/* Begin PBXFrameworksBuildPhase section */
		C679ABC6267CECA3005735AD /* Frameworks */ = {
			isa = PBXFrameworksBuildPhase;
			buildActionMask = 2147483647;
			files = (
			);
			runOnlyForDeploymentPostprocessing = 0;
		};
/* End PBXFrameworksBuildPhase section */

/* Begin PBXGroup section */
		C679ABC0267CECA3005735AD = {
			isa = PBXGroup;
			children = (
				C679ABCB267CECA3005735AD /* view2 */,
				C679ABCA267CECA3005735AD /* Products */,
			);
			sourceTree = "<group>";
		};
		C679ABCA267CECA3005735AD /* Products */ = {
			isa = PBXGroup;
			children = (
				C679ABC9267CECA3005735AD /* view2.app */,
			);
			name = Products;
			sourceTree = "<group>";
		};
		C679ABCB267CECA3005735AD /* view2 */ = {
			isa = PBXGroup;
			children = (
				C679ABCC267CECA3005735AD /* AppDelegate.swift */,
				C679ABCE267CECA3005735AD /* SceneDelegate.swift */,
				C679ABE0267CECB1005735AD /* SeccondViewController.swift */,
				C679ABD2267CECA3005735AD /* Main.storyboard */,
				C679ABD5267CECA5005735AD /* Assets.xcassets */,
				C679ABD7267CECA5005735AD /* LaunchScreen.storyboard */,
				C679ABDA267CECA5005735AD /* Info.plist */,
			);
			path = view2;
			sourceTree = "<group>";
		};
/* End PBXGroup section */

/* Begin PBXNativeTarget section */
		C679ABC8267CECA3005735AD /* view2 */ = {
			isa = PBXNativeTarget;
			buildConfigurationList = C679ABDD267CECA5005735AD /* Build configuration list for PBXNativeTarget "view2" */;
			buildPhases = (
				C679ABC5267CECA3005735AD /* Sources */,
				C679ABC6267CECA3005735AD /* Frameworks */,
				C679ABC7267CECA3005735AD /* Resources */,
			);
			buildRules = (
			);
			dependencies = (
			);
			name = view2;
			productName = view2;
			productReference = C679ABC9267CECA3005735AD /* view2.app */;
			productType = "com.apple.product-type.application";
		};
/* End PBXNativeTarget section */

/* Begin PBXProject section */
		C679ABC1267CECA3005735AD /* Project object */ = {
			isa = PBXProject;
			attributes = {
				LastSwiftUpdateCheck = 1250;
				LastUpgradeCheck = 1250;
				TargetAttributes = {
					C679ABC8267CECA3005735AD = {
						CreatedOnToolsVersion = 12.5;
					};
				};
			};
			buildConfigurationList = C679ABC4267CECA3005735AD /* Build configuration list for PBXProject "view2" */;
			compatibilityVersion = "Xcode 9.3";
			developmentRegion = en;
			hasScannedForEncodings = 0;
			knownRegions = (
				en,
				Base,
			);
			mainGroup = C679ABC0267CECA3005735AD;
			productRefGroup = C679ABCA267CECA3005735AD /* Products */;
			projectDirPath = "";
			projectRoot = "";
			targets = (
				C679ABC8267CECA3005735AD /* view2 */,
			);
		};
/* End PBXProject section */

/* Begin PBXResourcesBuildPhase section */
		C679ABC7267CECA3005735AD /* Resources */ = {
			isa = PBXResourcesBuildPhase;
			buildActionMask = 2147483647;
			files = (
				C679ABD9267CECA5005735AD /* LaunchScreen.storyboard in Resources */,
				C679ABD6267CECA5005735AD /* Assets.xcassets in Resources */,
				C679ABD4267CECA3005735AD /* Main.storyboard in Resources */,
			);
			runOnlyForDeploymentPostprocessing = 0;
		};
/* End PBXResourcesBuildPhase section */

/* Begin PBXSourcesBuildPhase section */
		C679ABC5267CECA3005735AD /* Sources */ = {
			isa = PBXSourcesBuildPhase;
			buildActionMask = 2147483647;
			files = (
				C679ABE1267CECB1005735AD /* SeccondViewController.swift in Sources */,
				C679ABCD267CECA3005735AD /* AppDelegate.swift in Sources */,
				C679ABCF267CECA3005735AD /* SceneDelegate.swift in Sources */,
			);
			runOnlyForDeploymentPostprocessing = 0;
		};
/* End PBXSourcesBuildPhase section */

/* Begin PBXVariantGroup section */
		C679ABD2267CECA3005735AD /* Main.storyboard */ = {
			isa = PBXVariantGroup;
			children = (
				C679ABD3267CECA3005735AD /* Base */,
			);
			name = Main.storyboard;
			sourceTree = "<group>";
		};
		C679ABD7267CECA5005735AD /* LaunchScreen.storyboard */ = {
			isa = PBXVariantGroup;
			children = (
				C679ABD8267CECA5005735AD /* Base */,
			);
			name = LaunchScreen.storyboard;
			sourceTree = "<group>";
		};
/* End PBXVariantGroup section */

/* Begin XCBuildConfiguration section */
		C679ABDB267CECA5005735AD /* Debug */ = {
			isa = XCBuildConfiguration;
			buildSettings = {
				ALWAYS_SEARCH_USER_PATHS = NO;
				CLANG_ANALYZER_NONNULL = YES;
				CLANG_ANALYZER_NUMBER_OBJECT_CONVERSION = YES_AGGRESSIVE;
				CLANG_CXX_LANGUAGE_STANDARD = "gnu++14";
				CLANG_CXX_LIBRARY = "libc++";
				CLANG_ENABLE_MODULES = YES;
				CLANG_ENABLE_OBJC_ARC = YES;
				CLANG_ENABLE_OBJC_WEAK = YES;
				CLANG_WARN_BLOCK_CAPTURE_AUTORELEASING = YES;
				CLANG_WARN_BOOL_CONVERSION = YES;
				CLANG_WARN_COMMA = YES;
				CLANG_WARN_CONSTANT_CONVERSION = YES;
				CLANG_WARN_DEPRECATED_OBJC_IMPLEMENTATIONS = YES;
				CLANG_WARN_DIRECT_OBJC_ISA_USAGE = YES_ERROR;
				CLANG_WARN_DOCUMENTATION_COMMENTS = YES;
				CLANG_WARN_EMPTY_BODY = YES;
				CLANG_WARN_ENUM_CONVERSION = YES;
				CLANG_WARN_INFINITE_RECURSION = YES;
				CLANG_WARN_INT_CONVERSION = YES;
				CLANG_WARN_NON_LITERAL_NULL_CONVERSION = YES;
				CLANG_WARN_OBJC_IMPLICIT_RETAIN_SELF = YES;
				CLANG_WARN_OBJC_LITERAL_CONVERSION = YES;
				CLANG_WARN_OBJC_ROOT_CLASS = YES_ERROR;
				CLANG_WARN_QUOTED_INCLUDE_IN_FRAMEWORK_HEADER = YES;
				CLANG_WARN_RANGE_LOOP_ANALYSIS = YES;
				CLANG_WARN_STRICT_PROTOTYPES = YES;
				CLANG_WARN_SUSPICIOUS_MOVE = YES;
				CLANG_WARN_UNGUARDED_AVAILABILITY = YES_AGGRESSIVE;
				CLANG_WARN_UNREACHABLE_CODE = YES;
				CLANG_WARN__DUPLICATE_METHOD_MATCH = YES;
				COPY_PHASE_STRIP = NO;
				DEBUG_INFORMATION_FORMAT = dwarf;
				ENABLE_STRICT_OBJC_MSGSEND = YES;
				ENABLE_TESTABILITY = YES;
				GCC_C_LANGUAGE_STANDARD = gnu11;
				GCC_DYNAMIC_NO_PIC = NO;
				GCC_NO_COMMON_BLOCKS = YES;
				GCC_OPTIMIZATION_LEVEL = 0;
				GCC_PREPROCESSOR_DEFINITIONS = (
					"DEBUG=1",
					"$(inherited)",
				);
				GCC_WARN_64_TO_32_BIT_CONVERSION = YES;
				GCC_WARN_ABOUT_RETURN_TYPE = YES_ERROR;
				GCC_WARN_UNDECLARED_SELECTOR = YES;
				GCC_WARN_UNINITIALIZED_AUTOS = YES_AGGRESSIVE;
				GCC_WARN_UNUSED_FUNCTION = YES;
				GCC_WARN_UNUSED_VARIABLE = YES;
				IPHONEOS_DEPLOYMENT_TARGET = 14.5;
				MTL_ENABLE_DEBUG_INFO = INCLUDE_SOURCE;
				MTL_FAST_MATH = YES;
				ONLY_ACTIVE_ARCH = YES;
				SDKROOT = iphoneos;
				SWIFT_ACTIVE_COMPILATION_CONDITIONS = DEBUG;
				SWIFT_OPTIMIZATION_LEVEL = "-Onone";
			};
			name = Debug;
		};
		C679ABDC267CECA5005735AD /* Release */ = {
			isa = XCBuildConfiguration;
			buildSettings = {
				ALWAYS_SEARCH_USER_PATHS = NO;
				CLANG_ANALYZER_NONNULL = YES;
				CLANG_ANALYZER_NUMBER_OBJECT_CONVERSION = YES_AGGRESSIVE;
				CLANG_CXX_LANGUAGE_STANDARD = "gnu++14";
				CLANG_CXX_LIBRARY = "libc++";
				CLANG_ENABLE_MODULES = YES;
				CLANG_ENABLE_OBJC_ARC = YES;
				CLANG_ENABLE_OBJC_WEAK = YES;
				CLANG_WARN_BLOCK_CAPTURE_AUTORELEASING = YES;
				CLANG_WARN_BOOL_CONVERSION = YES;
				CLANG_WARN_COMMA = YES;
				CLANG_WARN_CONSTANT_CONVERSION = YES;
				CLANG_WARN_DEPRECATED_OBJC_IMPLEMENTATIONS = YES;
				CLANG_WARN_DIRECT_OBJC_ISA_USAGE = YES_ERROR;
				CLANG_WARN_DOCUMENTATION_COMMENTS = YES;
				CLANG_WARN_EMPTY_BODY = YES;
				CLANG_WARN_ENUM_CONVERSION = YES;
				CLANG_WARN_INFINITE_RECURSION = YES;
				CLANG_WARN_INT_CONVERSION = YES;
				CLANG_WARN_NON_LITERAL_NULL_CONVERSION = YES;
				CLANG_WARN_OBJC_IMPLICIT_RETAIN_SELF = YES;
				CLANG_WARN_OBJC_LITERAL_CONVERSION = YES;
				CLANG_WARN_OBJC_ROOT_CLASS = YES_ERROR;
				CLANG_WARN_QUOTED_INCLUDE_IN_FRAMEWORK_HEADER = YES;
				CLANG_WARN_RANGE_LOOP_ANALYSIS = YES;
				CLANG_WARN_STRICT_PROTOTYPES = YES;
				CLANG_WARN_SUSPICIOUS_MOVE = YES;
				CLANG_WARN_UNGUARDED_AVAILABILITY = YES_AGGRESSIVE;
				CLANG_WARN_UNREACHABLE_CODE = YES;
				CLANG_WARN__DUPLICATE_METHOD_MATCH = YES;
				COPY_PHASE_STRIP = NO;
				DEBUG_INFORMATION_FORMAT = "dwarf-with-dsym";
				ENABLE_NS_ASSERTIONS = NO;
				ENABLE_STRICT_OBJC_MSGSEND = YES;
				GCC_C_LANGUAGE_STANDARD = gnu11;
				GCC_NO_COMMON_BLOCKS = YES;
				GCC_WARN_64_TO_32_BIT_CONVERSION = YES;
				GCC_WARN_ABOUT_RETURN_TYPE = YES_ERROR;
				GCC_WARN_UNDECLARED_SELECTOR = YES;
				GCC_WARN_UNINITIALIZED_AUTOS = YES_AGGRESSIVE;
				GCC_WARN_UNUSED_FUNCTION = YES;
				GCC_WARN_UNUSED_VARIABLE = YES;
				IPHONEOS_DEPLOYMENT_TARGET = 14.5;
				MTL_ENABLE_DEBUG_INFO = NO;
				MTL_FAST_MATH = YES;
				SDKROOT = iphoneos;
				SWIFT_COMPILATION_MODE = wholemodule;
				SWIFT_OPTIMIZATION_LEVEL = "-O";
				VALIDATE_PRODUCT = YES;
			};
			name = Release;
		};
		C679ABDE267CECA5005735AD /* Debug */ = {
			isa = XCBuildConfiguration;
			buildSettings = {
				ASSETCATALOG_COMPILER_APPICON_NAME = AppIcon;
				ASSETCATALOG_COMPILER_GLOBAL_ACCENT_COLOR_NAME = AccentColor;
				CODE_SIGN_STYLE = Automatic;
				INFOPLIST_FILE = view2/Info.plist;
				LD_RUNPATH_SEARCH_PATHS = (
					"$(inherited)",
					"@executable_path/Frameworks",
				);
				PRODUCT_BUNDLE_IDENTIFIER = sad.view2;
				PRODUCT_NAME = "$(TARGET_NAME)";
				SWIFT_VERSION = 5.0;
				TARGETED_DEVICE_FAMILY = "1,2";
			};
			name = Debug;
		};
		C679ABDF267CECA5005735AD /* Release */ = {
			isa = XCBuildConfiguration;
			buildSettings = {
				ASSETCATALOG_COMPILER_APPICON_NAME = AppIcon;
				ASSETCATALOG_COMPILER_GLOBAL_ACCENT_COLOR_NAME = AccentColor;
				CODE_SIGN_STYLE = Automatic;
				INFOPLIST_FILE = view2/Info.plist;
				LD_RUNPATH_SEARCH_PATHS = (
					"$(inherited)",
					"@executable_path/Frameworks",
				);
				PRODUCT_BUNDLE_IDENTIFIER = sad.view2;
				PRODUCT_NAME = "$(TARGET_NAME)";
				SWIFT_VERSION = 5.0;
				TARGETED_DEVICE_FAMILY = "1,2";
			};
			name = Release;
		};
/* End XCBuildConfiguration section */

/* Begin XCConfigurationList section */
		C679ABC4267CECA3005735AD /* Build configuration list for PBXProject "view2" */ = {
			isa = XCConfigurationList;
			buildConfigurations = (
				C679ABDB267CECA5005735AD /* Debug */,
				C679ABDC267CECA5005735AD /* Release */,
			);
			defaultConfigurationIsVisible = 0;
			defaultConfigurationName = Release;
		};
		C679ABDD267CECA5005735AD /* Build configuration list for PBXNativeTarget "view2" */ = {
			isa = XCConfigurationList;
			buildConfigurations = (
				C679ABDE267CECA5005735AD /* Debug */,
				C679ABDF267CECA5005735AD /* Release */,
			);
			defaultConfigurationIsVisible = 0;
			defaultConfigurationName = Release;
		};
/* End XCConfigurationList section */
	};
	rootObject = C679ABC1267CECA3005735AD /* Project object */;
}
